
Microsoft Visual Studio Solution File, Format Version 12.00
# Visual Studio Version 17
VisualStudioVersion = 17.14.36221.1 d17.14
MinimumVisualStudioVersion = 10.0.40219.1
Project("{FAE04EC0-301F-11D3-BF4B-00C04F79EFBC}") = "Examen_Tecnico_Dev_Sr", "Examen_Tecnico_Dev_Sr\Examen_Tecnico_Dev_Sr.csproj", "{81C5DC04-E76D-4DA2-A4A3-D3D0C192672F}"
EndProject
Global
	GlobalSection(SolutionConfigurationPlatforms) = preSolution
		Debug|Any CPU = Debug|Any CPU
		Release|Any CPU = Release|Any CPU
	EndGlobalSection
	GlobalSection(ProjectConfigurationPlatforms) = postSolution
		{81C5DC04-E76D-4DA2-A4A3-D3D0C192672F}.Debug|Any CPU.ActiveCfg = Debug|Any CPU
		{81C5DC04-E76D-4DA2-A4A3-D3D0C192672F}.Debug|Any CPU.Build.0 = Debug|Any CPU
		{81C5DC04-E76D-4DA2-A4A3-D3D0C192672F}.Release|Any CPU.ActiveCfg = Release|Any CPU
		{81C5DC04-E76D-4DA2-A4A3-D3D0C192672F}.Release|Any CPU.Build.0 = Release|Any CPU
	EndGlobalSection
	GlobalSection(SolutionProperties) = preSolution
		HideSolutionNode = FALSE
	EndGlobalSection
	GlobalSection(ExtensibilityGlobals) = postSolution
		SolutionGuid = {5CA0DE62-594E-442F-B3D5-94F287A92336}
	EndGlobalSection
EndGlobal
